
Microsoft Visual Studio Solution File, Format Version 12.00
# Visual Studio Version 16
VisualStudioVersion = 16.0.30907.101
MinimumVisualStudioVersion = 10.0.40219.1
Project("{9A19103F-16F7-4668-BE54-9A1E7A4F7556}") = "Assignment01CoreIntro", "Assignment01CoreIntro\Assignment01CoreIntro.csproj", "{328A6A21-BBF1-4BC5-8FB9-3893B31D0CF7}"
EndProject
Project("{FAE04EC0-301F-11D3-BF4B-00C04F79EFBC}") = "Assignment01CoreIntroUnitTest", "Assignment01CoreIntroUnitTest\Assignment01CoreIntroUnitTest.csproj", "{7A88F041-88E4-4586-98A9-31B2CFC8BC58}"
EndProject
Global
	GlobalSection(SolutionConfigurationPlatforms) = preSolution
		Debug|Any CPU = Debug|Any CPU
		Release|Any CPU = Release|Any CPU
	EndGlobalSection
	GlobalSection(ProjectConfigurationPlatforms) = postSolution
		{328A6A21-BBF1-4BC5-8FB9-3893B31D0CF7}.Debug|Any CPU.ActiveCfg = Debug|Any CPU
		{328A6A21-BBF1-4BC5-8FB9-3893B31D0CF7}.Debug|Any CPU.Build.0 = Debug|Any CPU
		{328A6A21-BBF1-4BC5-8FB9-3893B31D0CF7}.Release|Any CPU.ActiveCfg = Release|Any CPU
		{328A6A21-BBF1-4BC5-8FB9-3893B31D0CF7}.Release|Any CPU.Build.0 = Release|Any CPU
		{7A88F041-88E4-4586-98A9-31B2CFC8BC58}.Debug|Any CPU.ActiveCfg = Debug|Any CPU
		{7A88F041-88E4-4586-98A9-31B2CFC8BC58}.Debug|Any CPU.Build.0 = Debug|Any CPU
		{7A88F041-88E4-4586-98A9-31B2CFC8BC58}.Release|Any CPU.ActiveCfg = Release|Any CPU
		{7A88F041-88E4-4586-98A9-31B2CFC8BC58}.Release|Any CPU.Build.0 = Release|Any CPU
	EndGlobalSection
	GlobalSection(SolutionProperties) = preSolution
		HideSolutionNode = FALSE
	EndGlobalSection
	GlobalSection(ExtensibilityGlobals) = postSolution
		SolutionGuid = {959B6E4F-BF58-4E85-ADAC-DA6142F5D29B}
	EndGlobalSection
EndGlobal
