
Microsoft Visual Studio Solution File, Format Version 12.00
# Visual Studio Version 16
VisualStudioVersion = 16.0.30907.101
MinimumVisualStudioVersion = 10.0.40219.1
Project("{9A19103F-16F7-4668-BE54-9A1E7A4F7556}") = "VendingMachine", "VendingMachine\VendingMachine.csproj", "{38E1788D-09F4-48B7-AAFE-E04A42521AEB}"
EndProject
Project("{FAE04EC0-301F-11D3-BF4B-00C04F79EFBC}") = "VendingMachineUnitTest", "VendingMachineUnitTest\VendingMachineUnitTest.csproj", "{1A5553D9-377B-4036-8D5A-DA0420B7A3F5}"
EndProject
Global
	GlobalSection(SolutionConfigurationPlatforms) = preSolution
		Debug|Any CPU = Debug|Any CPU
		Release|Any CPU = Release|Any CPU
	EndGlobalSection
	GlobalSection(ProjectConfigurationPlatforms) = postSolution
		{38E1788D-09F4-48B7-AAFE-E04A42521AEB}.Debug|Any CPU.ActiveCfg = Debug|Any CPU
		{38E1788D-09F4-48B7-AAFE-E04A42521AEB}.Debug|Any CPU.Build.0 = Debug|Any CPU
		{38E1788D-09F4-48B7-AAFE-E04A42521AEB}.Release|Any CPU.ActiveCfg = Release|Any CPU
		{38E1788D-09F4-48B7-AAFE-E04A42521AEB}.Release|Any CPU.Build.0 = Release|Any CPU
		{1A5553D9-377B-4036-8D5A-DA0420B7A3F5}.Debug|Any CPU.ActiveCfg = Debug|Any CPU
		{1A5553D9-377B-4036-8D5A-DA0420B7A3F5}.Debug|Any CPU.Build.0 = Debug|Any CPU
		{1A5553D9-377B-4036-8D5A-DA0420B7A3F5}.Release|Any CPU.ActiveCfg = Release|Any CPU
		{1A5553D9-377B-4036-8D5A-DA0420B7A3F5}.Release|Any CPU.Build.0 = Release|Any CPU
	EndGlobalSection
	GlobalSection(SolutionProperties) = preSolution
		HideSolutionNode = FALSE
	EndGlobalSection
	GlobalSection(ExtensibilityGlobals) = postSolution
		SolutionGuid = {A1F69EFF-9258-4774-B1AB-38C0A26765AC}
	EndGlobalSection
EndGlobal
